
Microsoft Visual Studio Solution File, Format Version 12.00
# Visual Studio Version 17
VisualStudioVersion = 17.5.33627.172
MinimumVisualStudioVersion = 10.0.40219.1
Project("{FAE04EC0-301F-11D3-BF4B-00C04F79EFBC}") = "HelpLone", "HelpLone\HelpLone.csproj", "{6009CF1C-599A-4D78-A6CA-3C9D1452B886}"
EndProject
Global
	GlobalSection(SolutionConfigurationPlatforms) = preSolution
		Debug|Any CPU = Debug|Any CPU
		Release|Any CPU = Release|Any CPU
	EndGlobalSection
	GlobalSection(ProjectConfigurationPlatforms) = postSolution
		{6009CF1C-599A-4D78-A6CA-3C9D1452B886}.Debug|Any CPU.ActiveCfg = Debug|Any CPU
		{6009CF1C-599A-4D78-A6CA-3C9D1452B886}.Debug|Any CPU.Build.0 = Debug|Any CPU
		{6009CF1C-599A-4D78-A6CA-3C9D1452B886}.Release|Any CPU.ActiveCfg = Release|Any CPU
		{6009CF1C-599A-4D78-A6CA-3C9D1452B886}.Release|Any CPU.Build.0 = Release|Any CPU
	EndGlobalSection
	GlobalSection(SolutionProperties) = preSolution
		HideSolutionNode = FALSE
	EndGlobalSection
	GlobalSection(ExtensibilityGlobals) = postSolution
		SolutionGuid = {C7909E52-CF9F-4593-826F-7C02E5852E90}
	EndGlobalSection
EndGlobal
